
Microsoft Visual Studio Solution File, Format Version 12.00
# Visual Studio Version 17
VisualStudioVersion = 17.0.31903.59
MinimumVisualStudioVersion = 10.0.40219.1
Project("{9A19103F-16F7-4668-BE54-9A1E7A4F7556}") = "TestOfAsyncMethods", "TestOfAsyncMethods\TestOfAsyncMethods.csproj", "{50ED73FC-19BE-4D6C-98AC-308C05286730}"
EndProject
Global
	GlobalSection(SolutionConfigurationPlatforms) = preSolution
		Debug|Any CPU = Debug|Any CPU
		Release|Any CPU = Release|Any CPU
	EndGlobalSection
	GlobalSection(ProjectConfigurationPlatforms) = postSolution
		{50ED73FC-19BE-4D6C-98AC-308C05286730}.Debug|Any CPU.ActiveCfg = Debug|Any CPU
		{50ED73FC-19BE-4D6C-98AC-308C05286730}.Debug|Any CPU.Build.0 = Debug|Any CPU
		{50ED73FC-19BE-4D6C-98AC-308C05286730}.Release|Any CPU.ActiveCfg = Release|Any CPU
		{50ED73FC-19BE-4D6C-98AC-308C05286730}.Release|Any CPU.Build.0 = Release|Any CPU
	EndGlobalSection
	GlobalSection(SolutionProperties) = preSolution
		HideSolutionNode = FALSE
	EndGlobalSection
	GlobalSection(ExtensibilityGlobals) = postSolution
		SolutionGuid = {0AA4F3F7-E1A4-4C1D-AE3F-A788711B2A4A}
	EndGlobalSection
EndGlobal
